
Microsoft Visual Studio Solution File, Format Version 12.00
# Visual Studio Version 16
VisualStudioVersion = 16.0.30225.117
MinimumVisualStudioVersion = 10.0.40219.1
Project("{FAE04EC0-301F-11D3-BF4B-00C04F79EFBC}") = "RestAPI", "RestAPI\RestAPI.csproj", "{B795A38C-B56A-4930-8D75-7F59A72C83AE}"
EndProject
Global
	GlobalSection(SolutionConfigurationPlatforms) = preSolution
		Debug|Any CPU = Debug|Any CPU
		Release|Any CPU = Release|Any CPU
	EndGlobalSection
	GlobalSection(ProjectConfigurationPlatforms) = postSolution
		{B795A38C-B56A-4930-8D75-7F59A72C83AE}.Debug|Any CPU.ActiveCfg = Debug|Any CPU
		{B795A38C-B56A-4930-8D75-7F59A72C83AE}.Debug|Any CPU.Build.0 = Debug|Any CPU
		{B795A38C-B56A-4930-8D75-7F59A72C83AE}.Release|Any CPU.ActiveCfg = Release|Any CPU
		{B795A38C-B56A-4930-8D75-7F59A72C83AE}.Release|Any CPU.Build.0 = Release|Any CPU
	EndGlobalSection
	GlobalSection(SolutionProperties) = preSolution
		HideSolutionNode = FALSE
	EndGlobalSection
	GlobalSection(ExtensibilityGlobals) = postSolution
		SolutionGuid = {521EFBD3-844F-4EF1-8A41-CBEC5C5250E4}
	EndGlobalSection
EndGlobal
